
Microsoft Visual Studio Solution File, Format Version 12.00
# Visual Studio Version 16
VisualStudioVersion = 16.0.30204.135
MinimumVisualStudioVersion = 10.0.40219.1
Project("{FAE04EC0-301F-11D3-BF4B-00C04F79EFBC}") = "Deliverable1", "Deliverable1\Deliverable1.csproj", "{B4933EA4-0651-4D81-8259-A4F1AF732A5B}"
EndProject
Global
	GlobalSection(SolutionConfigurationPlatforms) = preSolution
		Debug|Any CPU = Debug|Any CPU
		Release|Any CPU = Release|Any CPU
	EndGlobalSection
	GlobalSection(ProjectConfigurationPlatforms) = postSolution
		{B4933EA4-0651-4D81-8259-A4F1AF732A5B}.Debug|Any CPU.ActiveCfg = Debug|Any CPU
		{B4933EA4-0651-4D81-8259-A4F1AF732A5B}.Debug|Any CPU.Build.0 = Debug|Any CPU
		{B4933EA4-0651-4D81-8259-A4F1AF732A5B}.Release|Any CPU.ActiveCfg = Release|Any CPU
		{B4933EA4-0651-4D81-8259-A4F1AF732A5B}.Release|Any CPU.Build.0 = Release|Any CPU
	EndGlobalSection
	GlobalSection(SolutionProperties) = preSolution
		HideSolutionNode = FALSE
	EndGlobalSection
	GlobalSection(ExtensibilityGlobals) = postSolution
		SolutionGuid = {B1BFC39C-C7BE-4BF3-ADA7-0FCF2531DE1D}
	EndGlobalSection
EndGlobal
